// !$*UTF8*$!
{
	archiveVersion = 1;
	classes = {
	};
	objectVersion = 46;
	objects = {

/* Begin PBXBuildFile section */
		587218B91CFADCFD00C10FBC /* AppDelegate.swift in Sources */ = {isa = PBXBuildFile; fileRef = 587218B81CFADCFD00C10FBC /* AppDelegate.swift */; };
		587218BB1CFADCFD00C10FBC /* FaceViewController.swift in Sources */ = {isa = PBXBuildFile; fileRef = 587218BA1CFADCFD00C10FBC /* FaceViewController.swift */; };
		587218BE1CFADCFD00C10FBC /* Main.storyboard in Resources */ = {isa = PBXBuildFile; fileRef = 587218BC1CFADCFD00C10FBC /* Main.storyboard */; };
		587218C01CFADCFD00C10FBC /* Assets.xcassets in Resources */ = {isa = PBXBuildFile; fileRef = 587218BF1CFADCFD00C10FBC /* Assets.xcassets */; };
		587218C31CFADCFD00C10FBC /* LaunchScreen.storyboard in Resources */ = {isa = PBXBuildFile; fileRef = 587218C11CFADCFD00C10FBC /* LaunchScreen.storyboard */; };
		587218CC1CFADE3B00C10FBC /* FaceView.swift in Sources */ = {isa = PBXBuildFile; fileRef = 587218CB1CFADE3B00C10FBC /* FaceView.swift */; };
		58BF38A61CFDB3BB0022708F /* FacialExpression.swift in Sources */ = {isa = PBXBuildFile; fileRef = 58BF38A51CFDB3BB0022708F /* FacialExpression.swift */; };
		58C696B91D0450880052C986 /* EmotionsViewController.swift in Sources */ = {isa = PBXBuildFile; fileRef = 58C696B81D0450880052C986 /* EmotionsViewController.swift */; };
		58C7EFAF1D0DA02C00946A22 /* BlinkingFaceViewController.swift in Sources */ = {isa = PBXBuildFile; fileRef = 58C7EFAE1D0DA02C00946A22 /* BlinkingFaceViewController.swift */; };
/* End PBXBuildFile section */

/* Begin PBXFileReference section */
		587218B51CFADCFD00C10FBC /* FaceIt.app */ = {isa = PBXFileReference; explicitFileType = wrapper.application; includeInIndex = 0; path = FaceIt.app; sourceTree = BUILT_PRODUCTS_DIR; };
		587218B81CFADCFD00C10FBC /* AppDelegate.swift */ = {isa = PBXFileReference; lastKnownFileType = sourcecode.swift; path = AppDelegate.swift; sourceTree = "<group>"; };
		587218BA1CFADCFD00C10FBC /* FaceViewController.swift */ = {isa = PBXFileReference; lastKnownFileType = sourcecode.swift; path = FaceViewController.swift; sourceTree = "<group>"; };
		587218BD1CFADCFD00C10FBC /* Base */ = {isa = PBXFileReference; lastKnownFileType = file.storyboard; name = Base; path = Base.lproj/Main.storyboard; sourceTree = "<group>"; };
		587218BF1CFADCFD00C10FBC /* Assets.xcassets */ = {isa = PBXFileReference; lastKnownFileType = folder.assetcatalog; path = Assets.xcassets; sourceTree = "<group>"; };
		587218C21CFADCFD00C10FBC /* Base */ = {isa = PBXFileReference; lastKnownFileType = file.storyboard; name = Base; path = Base.lproj/LaunchScreen.storyboard; sourceTree = "<group>"; };
		587218C41CFADCFD00C10FBC /* Info.plist */ = {isa = PBXFileReference; lastKnownFileType = text.plist.xml; path = Info.plist; sourceTree = "<group>"; };
		587218CB1CFADE3B00C10FBC /* FaceView.swift */ = {isa = PBXFileReference; fileEncoding = 4; lastKnownFileType = sourcecode.swift; path = FaceView.swift; sourceTree = "<group>"; };
		58BF38A51CFDB3BB0022708F /* FacialExpression.swift */ = {isa = PBXFileReference; fileEncoding = 4; lastKnownFileType = sourcecode.swift; path = FacialExpression.swift; sourceTree = "<group>"; };
		58C696B81D0450880052C986 /* EmotionsViewController.swift */ = {isa = PBXFileReference; fileEncoding = 4; lastKnownFileType = sourcecode.swift; path = EmotionsViewController.swift; sourceTree = "<group>"; };
		58C7EFAE1D0DA02C00946A22 /* BlinkingFaceViewController.swift */ = {isa = PBXFileReference; fileEncoding = 4; lastKnownFileType = sourcecode.swift; path = BlinkingFaceViewController.swift; sourceTree = "<group>"; };
/* End PBXFileReference section */

/* Begin PBXFrameworksBuildPhase section */
		587218B21CFADCFD00C10FBC /* Frameworks */ = {
			isa = PBXFrameworksBuildPhase;
			buildActionMask = 2147483647;
			files = (
			);
			runOnlyForDeploymentPostprocessing = 0;
		};
/* End PBXFrameworksBuildPhase section */

/* Begin PBXGroup section */
		587218AC1CFADCFC00C10FBC = {
			isa = PBXGroup;
			children = (
				587218B71CFADCFD00C10FBC /* FaceIt */,
				587218B61CFADCFD00C10FBC /* Products */,
			);
			sourceTree = "<group>";
		};
		587218B61CFADCFD00C10FBC /* Products */ = {
			isa = PBXGroup;
			children = (
				587218B51CFADCFD00C10FBC /* FaceIt.app */,
			);
			name = Products;
			sourceTree = "<group>";
		};
		587218B71CFADCFD00C10FBC /* FaceIt */ = {
			isa = PBXGroup;
			children = (
				58C696B81D0450880052C986 /* EmotionsViewController.swift */,
				58C7EFAE1D0DA02C00946A22 /* BlinkingFaceViewController.swift */,
				587218BA1CFADCFD00C10FBC /* FaceViewController.swift */,
				587218BC1CFADCFD00C10FBC /* Main.storyboard */,
				587218CB1CFADE3B00C10FBC /* FaceView.swift */,
				58BF38A51CFDB3BB0022708F /* FacialExpression.swift */,
				587218CA1CFADD9A00C10FBC /* Supporting Files */,
			);
			path = FaceIt;
			sourceTree = "<group>";
		};
		587218CA1CFADD9A00C10FBC /* Supporting Files */ = {
			isa = PBXGroup;
			children = (
				587218B81CFADCFD00C10FBC /* AppDelegate.swift */,
				587218BF1CFADCFD00C10FBC /* Assets.xcassets */,
				587218C11CFADCFD00C10FBC /* LaunchScreen.storyboard */,
				587218C41CFADCFD00C10FBC /* Info.plist */,
			);
			name = "Supporting Files";
			sourceTree = "<group>";
		};
/* End PBXGroup section */

/* Begin PBXNativeTarget section */
		587218B41CFADCFD00C10FBC /* FaceIt */ = {
			isa = PBXNativeTarget;
			buildConfigurationList = 587218C71CFADCFD00C10FBC /* Build configuration list for PBXNativeTarget "FaceIt" */;
			buildPhases = (
				587218B11CFADCFD00C10FBC /* Sources */,
				587218B21CFADCFD00C10FBC /* Frameworks */,
				587218B31CFADCFD00C10FBC /* Resources */,
			);
			buildRules = (
			);
			dependencies = (
			);
			name = FaceIt;
			productName = FaceIt;
			productReference = 587218B51CFADCFD00C10FBC /* FaceIt.app */;
			productType = "com.apple.product-type.application";
		};
/* End PBXNativeTarget section */

/* Begin PBXProject section */
		587218AD1CFADCFD00C10FBC /* Project object */ = {
			isa = PBXProject;
			attributes = {
				LastSwiftUpdateCheck = 0730;
				LastUpgradeCheck = 0730;
				ORGANIZATIONNAME = YGuan;
				TargetAttributes = {
					587218B41CFADCFD00C10FBC = {
						CreatedOnToolsVersion = 7.3.1;
					};
				};
			};
			buildConfigurationList = 587218B01CFADCFD00C10FBC /* Build configuration list for PBXProject "FaceIt" */;
			compatibilityVersion = "Xcode 3.2";
			developmentRegion = English;
			hasScannedForEncodings = 0;
			knownRegions = (
				en,
				Base,
			);
			mainGroup = 587218AC1CFADCFC00C10FBC;
			productRefGroup = 587218B61CFADCFD00C10FBC /* Products */;
			projectDirPath = "";
			projectRoot = "";
			targets = (
				587218B41CFADCFD00C10FBC /* FaceIt */,
			);
		};
/* End PBXProject section */

/* Begin PBXResourcesBuildPhase section */
		587218B31CFADCFD00C10FBC /* Resources */ = {
			isa = PBXResourcesBuildPhase;
			buildActionMask = 2147483647;
			files = (
				587218C31CFADCFD00C10FBC /* LaunchScreen.storyboard in Resources */,
				587218C01CFADCFD00C10FBC /* Assets.xcassets in Resources */,
				587218BE1CFADCFD00C10FBC /* Main.storyboard in Resources */,
			);
			runOnlyForDeploymentPostprocessing = 0;
		};
/* End PBXResourcesBuildPhase section */

/* Begin PBXSourcesBuildPhase section */
		587218B11CFADCFD00C10FBC /* Sources */ = {
			isa = PBXSourcesBuildPhase;
			buildActionMask = 2147483647;
			files = (
				587218BB1CFADCFD00C10FBC /* FaceViewController.swift in Sources */,
				58BF38A61CFDB3BB0022708F /* FacialExpression.swift in Sources */,
				58C7EFAF1D0DA02C00946A22 /* BlinkingFaceViewController.swift in Sources */,
				58C696B91D0450880052C986 /* EmotionsViewController.swift in Sources */,
				587218B91CFADCFD00C10FBC /* AppDelegate.swift in Sources */,
				587218CC1CFADE3B00C10FBC /* FaceView.swift in Sources */,
			);
			runOnlyForDeploymentPostprocessing = 0;
		};
/* End PBXSourcesBuildPhase section */

/* Begin PBXVariantGroup section */
		587218BC1CFADCFD00C10FBC /* Main.storyboard */ = {
			isa = PBXVariantGroup;
			children = (
				587218BD1CFADCFD00C10FBC /* Base */,
			);
			name = Main.storyboard;
			sourceTree = "<group>";
		};
		587218C11CFADCFD00C10FBC /* LaunchScreen.storyboard */ = {
			isa = PBXVariantGroup;
			children = (
				587218C21CFADCFD00C10FBC /* Base */,
			);
			name = LaunchScreen.storyboard;
			sourceTree = "<group>";
		};
/* End PBXVariantGroup section */

/* Begin XCBuildConfiguration section */
		587218C51CFADCFD00C10FBC /* Debug */ = {
			isa = XCBuildConfiguration;
			buildSettings = {
				ALWAYS_SEARCH_USER_PATHS = NO;
				CLANG_ANALYZER_NONNULL = YES;
				CLANG_CXX_LANGUAGE_STANDARD = "gnu++0x";
				CLANG_CXX_LIBRARY = "libc++";
				CLANG_ENABLE_MODULES = YES;
				CLANG_ENABLE_OBJC_ARC = YES;
				CLANG_WARN_BOOL_CONVERSION = YES;
				CLANG_WARN_CONSTANT_CONVERSION = YES;
				CLANG_WARN_DIRECT_OBJC_ISA_USAGE = YES_ERROR;
				CLANG_WARN_EMPTY_BODY = YES;
				CLANG_WARN_ENUM_CONVERSION = YES;
				CLANG_WARN_INT_CONVERSION = YES;
				CLANG_WARN_OBJC_ROOT_CLASS = YES_ERROR;
				CLANG_WARN_UNREACHABLE_CODE = YES;
				CLANG_WARN__DUPLICATE_METHOD_MATCH = YES;
				"CODE_SIGN_IDENTITY[sdk=iphoneos*]" = "iPhone Developer";
				COPY_PHASE_STRIP = NO;
				DEBUG_INFORMATION_FORMAT = dwarf;
				ENABLE_STRICT_OBJC_MSGSEND = YES;
				ENABLE_TESTABILITY = YES;
				GCC_C_LANGUAGE_STANDARD = gnu99;
				GCC_DYNAMIC_NO_PIC = NO;
				GCC_NO_COMMON_BLOCKS = YES;
				GCC_OPTIMIZATION_LEVEL = 0;
				GCC_PREPROCESSOR_DEFINITIONS = (
					"DEBUG=1",
					"$(inherited)",
				);
				GCC_WARN_64_TO_32_BIT_CONVERSION = YES;
				GCC_WARN_ABOUT_RETURN_TYPE = YES_ERROR;
				GCC_WARN_UNDECLARED_SELECTOR = YES;
				GCC_WARN_UNINITIALIZED_AUTOS = YES_AGGRESSIVE;
				GCC_WARN_UNUSED_FUNCTION = YES;
				GCC_WARN_UNUSED_VARIABLE = YES;
				IPHONEOS_DEPLOYMENT_TARGET = 9.3;
				MTL_ENABLE_DEBUG_INFO = YES;
				ONLY_ACTIVE_ARCH = YES;
				SDKROOT = iphoneos;
				SWIFT_OPTIMIZATION_LEVEL = "-Onone";
				TARGETED_DEVICE_FAMILY = "1,2";
			};
			name = Debug;
		};
		587218C61CFADCFD00C10FBC /* Release */ = {
			isa = XCBuildConfiguration;
			buildSettings = {
				ALWAYS_SEARCH_USER_PATHS = NO;
				CLANG_ANALYZER_NONNULL = YES;
				CLANG_CXX_LANGUAGE_STANDARD = "gnu++0x";
				CLANG_CXX_LIBRARY = "libc++";
				CLANG_ENABLE_MODULES = YES;
				CLANG_ENABLE_OBJC_ARC = YES;
				CLANG_WARN_BOOL_CONVERSION = YES;
				CLANG_WARN_CONSTANT_CONVERSION = YES;
				CLANG_WARN_DIRECT_OBJC_ISA_USAGE = YES_ERROR;
				CLANG_WARN_EMPTY_BODY = YES;
				CLANG_WARN_ENUM_CONVERSION = YES;
				CLANG_WARN_INT_CONVERSION = YES;
				CLANG_WARN_OBJC_ROOT_CLASS = YES_ERROR;
				CLANG_WARN_UNREACHABLE_CODE = YES;
				CLANG_WARN__DUPLICATE_METHOD_MATCH = YES;
				"CODE_SIGN_IDENTITY[sdk=iphoneos*]" = "iPhone Developer";
				COPY_PHASE_STRIP = NO;
				DEBUG_INFORMATION_FORMAT = "dwarf-with-dsym";
				ENABLE_NS_ASSERTIONS = NO;
				ENABLE_STRICT_OBJC_MSGSEND = YES;
				GCC_C_LANGUAGE_STANDARD = gnu99;
				GCC_NO_COMMON_BLOCKS = YES;
				GCC_WARN_64_TO_32_BIT_CONVERSION = YES;
				GCC_WARN_ABOUT_RETURN_TYPE = YES_ERROR;
				GCC_WARN_UNDECLARED_SELECTOR = YES;
				GCC_WARN_UNINITIALIZED_AUTOS = YES_AGGRESSIVE;
				GCC_WARN_UNUSED_FUNCTION = YES;
				GCC_WARN_UNUSED_VARIABLE = YES;
				IPHONEOS_DEPLOYMENT_TARGET = 9.3;
				MTL_ENABLE_DEBUG_INFO = NO;
				SDKROOT = iphoneos;
				TARGETED_DEVICE_FAMILY = "1,2";
				VALIDATE_PRODUCT = YES;
			};
			name = Release;
		};
		587218C81CFADCFD00C10FBC /* Debug */ = {
			isa = XCBuildConfiguration;
			buildSettings = {
				ASSETCATALOG_COMPILER_APPICON_NAME = AppIcon;
				INFOPLIST_FILE = FaceIt/Info.plist;
				LD_RUNPATH_SEARCH_PATHS = "$(inherited) @executable_path/Frameworks";
				PRODUCT_BUNDLE_IDENTIFIER = com.YGuan.FaceIt;
				PRODUCT_NAME = "$(TARGET_NAME)";
			};
			name = Debug;
		};
		587218C91CFADCFD00C10FBC /* Release */ = {
			isa = XCBuildConfiguration;
			buildSettings = {
				ASSETCATALOG_COMPILER_APPICON_NAME = AppIcon;
				INFOPLIST_FILE = FaceIt/Info.plist;
				LD_RUNPATH_SEARCH_PATHS = "$(inherited) @executable_path/Frameworks";
				PRODUCT_BUNDLE_IDENTIFIER = com.YGuan.FaceIt;
				PRODUCT_NAME = "$(TARGET_NAME)";
			};
			name = Release;
		};
/* End XCBuildConfiguration section */

/* Begin XCConfigurationList section */
		587218B01CFADCFD00C10FBC /* Build configuration list for PBXProject "FaceIt" */ = {
			isa = XCConfigurationList;
			buildConfigurations = (
				587218C51CFADCFD00C10FBC /* Debug */,
				587218C61CFADCFD00C10FBC /* Release */,
			);
			defaultConfigurationIsVisible = 0;
			defaultConfigurationName = Release;
		};
		587218C71CFADCFD00C10FBC /* Build configuration list for PBXNativeTarget "FaceIt" */ = {
			isa = XCConfigurationList;
			buildConfigurations = (
				587218C81CFADCFD00C10FBC /* Debug */,
				587218C91CFADCFD00C10FBC /* Release */,
			);
			defaultConfigurationIsVisible = 0;
			defaultConfigurationName = Release;
		};
/* End XCConfigurationList section */
	};
	rootObject = 587218AD1CFADCFD00C10FBC /* Project object */;
}
